langcode: en
status: true
dependencies:
  module:
    - cyberwoven_blocks
  theme:
    - agfirst_base
id: copyrightblock
theme: agfirst_base
region: site_footer_bottom
weight: -7
provider: null
plugin: copyright_block
settings:
  id: copyright_block
  label: 'Copyright block'
  provider: cyberwoven_blocks
  label_display: '0'
  copyright_holder: AgFirst
visibility: {  }
